
Microsoft Visual Studio Solution File, Format Version 12.00
# Visual Studio Version 17
VisualStudioVersion = 17.0.32002.185
MinimumVisualStudioVersion = 10.0.40219.1
Project("{9A19103F-16F7-4668-BE54-9A1E7A4F7556}") = "NUnitTests.Misc", "Tests\NUnitTests.Misc\NUnitTests.Misc.csproj", "{83921307-2468-450F-A15F-E5D1F9F009DF}"
EndProject
Project("{9A19103F-16F7-4668-BE54-9A1E7A4F7556}") = "ActiveMqLabs01.Common", "Src\ActiveMqLabs01.Common\ActiveMqLabs01.Common.csproj", "{15A0BA0B-6959-4EEF-8101-7BBC76A7AEE1}"
EndProject
Project("{2150E333-8FDC-42A3-9474-1A3956D46DE8}") = "01. Src", "01. Src", "{F442E6C7-0A3C-423D-936E-FA1CF6D624ED}"
EndProject
Project("{2150E333-8FDC-42A3-9474-1A3956D46DE8}") = "02. Test", "02. Test", "{9AB883E0-8A1D-483A-9925-19ECDB71EA2C}"
EndProject
Project("{9A19103F-16F7-4668-BE54-9A1E7A4F7556}") = "Tests.Common", "Tests\Tests.Common\Tests.Common.csproj", "{18E941CD-D9E5-4402-901B-92FF75B43D57}"
EndProject
Project("{2150E333-8FDC-42A3-9474-1A3956D46DE8}") = "Solution Items", "Solution Items", "{DCDF18E6-581F-439A-A0A0-782C044CE768}"
	ProjectSection(SolutionItems) = preProject
		.editorconfig = .editorconfig
		Directory.Build.props = Directory.Build.props
	EndProjectSection
EndProject
Project("{2150E333-8FDC-42A3-9474-1A3956D46DE8}") = "Tests", "Tests", "{AB3906C4-CC0D-4197-B278-2B54F9B7194A}"
EndProject
Project("{9A19103F-16F7-4668-BE54-9A1E7A4F7556}") = "NUnitTests.AMQPNetLite", "Tests\NUnitTests.AMQPNetLite\NUnitTests.AMQPNetLite.csproj", "{F0F6F9C8-B676-408A-AB1F-333DFA1688F8}"
EndProject
Project("{9A19103F-16F7-4668-BE54-9A1E7A4F7556}") = "Test.AMQPNetLite.Common", "Tests\Test.AMQPNetLite.Common\Test.AMQPNetLite.Common.csproj", "{7CB1E1F8-21FD-43EC-9209-93C95C06E32F}"
EndProject
Project("{9A19103F-16F7-4668-BE54-9A1E7A4F7556}") = "Tests.ArtemisNetClient.Common", "Tests\Tests.ArtemisNetClient.Common\Tests.ArtemisNetClient.Common.csproj", "{7424971A-9BBD-441E-8487-002717ED87A4}"
EndProject
Project("{2150E333-8FDC-42A3-9474-1A3956D46DE8}") = "Common", "Common", "{19D9CDEF-5B6A-4482-AB0A-320670AB3F45}"
EndProject
Project("{2150E333-8FDC-42A3-9474-1A3956D46DE8}") = "Src", "Src", "{12802A0E-D628-4A64-8F74-2238F94B2D3E}"
EndProject
Project("{9A19103F-16F7-4668-BE54-9A1E7A4F7556}") = "WebApi.HttpIntTests", "Tests\WebApi.HttpIntTests\WebApi.HttpIntTests.csproj", "{F27D45DE-28A9-4E9A-A317-8AE3DB66AAF1}"
EndProject
Project("{9A19103F-16F7-4668-BE54-9A1E7A4F7556}") = "WebApi.Tests.HttpIntTests.Common", "Tests\WebApi.Tests.HttpIntTests.Common\WebApi.Tests.HttpIntTests.Common.csproj", "{3ABE75C1-955A-4C8C-A5A2-1887106C4056}"
EndProject
Project("{9A19103F-16F7-4668-BE54-9A1E7A4F7556}") = "Test.HttpIntTests.Common", "Tests\Test.HttpIntTests.Common\Test.HttpIntTests.Common.csproj", "{ED2DAB73-AF3A-4ED5-B220-890481FA2BC6}"
EndProject
Project("{9A19103F-16F7-4668-BE54-9A1E7A4F7556}") = "RestApi.Common", "Src\RestApi.Common\RestApi.Common.csproj", "{0FAB30DF-37C9-4825-8D3A-649957A8716D}"
EndProject
Project("{9A19103F-16F7-4668-BE54-9A1E7A4F7556}") = "WebApi", "Src\WebApi\WebApi.csproj", "{5422E9EB-1ED7-4FCB-B18E-0DFC0715DD45}"
EndProject
Project("{9A19103F-16F7-4668-BE54-9A1E7A4F7556}") = "WebApi.HttpIntHostServiceTests", "Tests\WebApi.HttpIntHostServiceTests\WebApi.HttpIntHostServiceTests.csproj", "{0AADE110-8CDA-44E3-AD64-488DD17646FD}"
EndProject
Project("{9A19103F-16F7-4668-BE54-9A1E7A4F7556}") = "AmqpNetLite.Common", "Src\AmqpNetLite.Common\AmqpNetLite.Common.csproj", "{98A46F25-CDA7-4F8D-BF06-E3C23275C3BD}"
EndProject
Project("{9A19103F-16F7-4668-BE54-9A1E7A4F7556}") = "Common", "Src\Common\Common.csproj", "{46663322-7044-4C77-B6E1-5CB1FDE1C3D8}"
EndProject
Global
	GlobalSection(SolutionConfigurationPlatforms) = preSolution
		Debug|Any CPU = Debug|Any CPU
		Release|Any CPU = Release|Any CPU
	EndGlobalSection
	GlobalSection(ProjectConfigurationPlatforms) = postSolution
		{83921307-2468-450F-A15F-E5D1F9F009DF}.Debug|Any CPU.ActiveCfg = Debug|Any CPU
		{83921307-2468-450F-A15F-E5D1F9F009DF}.Debug|Any CPU.Build.0 = Debug|Any CPU
		{83921307-2468-450F-A15F-E5D1F9F009DF}.Release|Any CPU.ActiveCfg = Release|Any CPU
		{83921307-2468-450F-A15F-E5D1F9F009DF}.Release|Any CPU.Build.0 = Release|Any CPU
		{15A0BA0B-6959-4EEF-8101-7BBC76A7AEE1}.Debug|Any CPU.ActiveCfg = Debug|Any CPU
		{15A0BA0B-6959-4EEF-8101-7BBC76A7AEE1}.Debug|Any CPU.Build.0 = Debug|Any CPU
		{15A0BA0B-6959-4EEF-8101-7BBC76A7AEE1}.Release|Any CPU.ActiveCfg = Release|Any CPU
		{15A0BA0B-6959-4EEF-8101-7BBC76A7AEE1}.Release|Any CPU.Build.0 = Release|Any CPU
		{18E941CD-D9E5-4402-901B-92FF75B43D57}.Debug|Any CPU.ActiveCfg = Debug|Any CPU
		{18E941CD-D9E5-4402-901B-92FF75B43D57}.Debug|Any CPU.Build.0 = Debug|Any CPU
		{18E941CD-D9E5-4402-901B-92FF75B43D57}.Release|Any CPU.ActiveCfg = Release|Any CPU
		{18E941CD-D9E5-4402-901B-92FF75B43D57}.Release|Any CPU.Build.0 = Release|Any CPU
		{F0F6F9C8-B676-408A-AB1F-333DFA1688F8}.Debug|Any CPU.ActiveCfg = Debug|Any CPU
		{F0F6F9C8-B676-408A-AB1F-333DFA1688F8}.Debug|Any CPU.Build.0 = Debug|Any CPU
		{F0F6F9C8-B676-408A-AB1F-333DFA1688F8}.Release|Any CPU.ActiveCfg = Release|Any CPU
		{F0F6F9C8-B676-408A-AB1F-333DFA1688F8}.Release|Any CPU.Build.0 = Release|Any CPU
		{7CB1E1F8-21FD-43EC-9209-93C95C06E32F}.Debug|Any CPU.ActiveCfg = Debug|Any CPU
		{7CB1E1F8-21FD-43EC-9209-93C95C06E32F}.Debug|Any CPU.Build.0 = Debug|Any CPU
		{7CB1E1F8-21FD-43EC-9209-93C95C06E32F}.Release|Any CPU.ActiveCfg = Release|Any CPU
		{7CB1E1F8-21FD-43EC-9209-93C95C06E32F}.Release|Any CPU.Build.0 = Release|Any CPU
		{7424971A-9BBD-441E-8487-002717ED87A4}.Debug|Any CPU.ActiveCfg = Debug|Any CPU
		{7424971A-9BBD-441E-8487-002717ED87A4}.Debug|Any CPU.Build.0 = Debug|Any CPU
		{7424971A-9BBD-441E-8487-002717ED87A4}.Release|Any CPU.ActiveCfg = Release|Any CPU
		{7424971A-9BBD-441E-8487-002717ED87A4}.Release|Any CPU.Build.0 = Release|Any CPU
		{F27D45DE-28A9-4E9A-A317-8AE3DB66AAF1}.Debug|Any CPU.ActiveCfg = Debug|Any CPU
		{F27D45DE-28A9-4E9A-A317-8AE3DB66AAF1}.Debug|Any CPU.Build.0 = Debug|Any CPU
		{F27D45DE-28A9-4E9A-A317-8AE3DB66AAF1}.Release|Any CPU.ActiveCfg = Release|Any CPU
		{F27D45DE-28A9-4E9A-A317-8AE3DB66AAF1}.Release|Any CPU.Build.0 = Release|Any CPU
		{3ABE75C1-955A-4C8C-A5A2-1887106C4056}.Debug|Any CPU.ActiveCfg = Debug|Any CPU
		{3ABE75C1-955A-4C8C-A5A2-1887106C4056}.Debug|Any CPU.Build.0 = Debug|Any CPU
		{3ABE75C1-955A-4C8C-A5A2-1887106C4056}.Release|Any CPU.ActiveCfg = Release|Any CPU
		{3ABE75C1-955A-4C8C-A5A2-1887106C4056}.Release|Any CPU.Build.0 = Release|Any CPU
		{ED2DAB73-AF3A-4ED5-B220-890481FA2BC6}.Debug|Any CPU.ActiveCfg = Debug|Any CPU
		{ED2DAB73-AF3A-4ED5-B220-890481FA2BC6}.Debug|Any CPU.Build.0 = Debug|Any CPU
		{ED2DAB73-AF3A-4ED5-B220-890481FA2BC6}.Release|Any CPU.ActiveCfg = Release|Any CPU
		{ED2DAB73-AF3A-4ED5-B220-890481FA2BC6}.Release|Any CPU.Build.0 = Release|Any CPU
		{0FAB30DF-37C9-4825-8D3A-649957A8716D}.Debug|Any CPU.ActiveCfg = Debug|Any CPU
		{0FAB30DF-37C9-4825-8D3A-649957A8716D}.Debug|Any CPU.Build.0 = Debug|Any CPU
		{0FAB30DF-37C9-4825-8D3A-649957A8716D}.Release|Any CPU.ActiveCfg = Release|Any CPU
		{0FAB30DF-37C9-4825-8D3A-649957A8716D}.Release|Any CPU.Build.0 = Release|Any CPU
		{5422E9EB-1ED7-4FCB-B18E-0DFC0715DD45}.Debug|Any CPU.ActiveCfg = Debug|Any CPU
		{5422E9EB-1ED7-4FCB-B18E-0DFC0715DD45}.Debug|Any CPU.Build.0 = Debug|Any CPU
		{5422E9EB-1ED7-4FCB-B18E-0DFC0715DD45}.Release|Any CPU.ActiveCfg = Release|Any CPU
		{5422E9EB-1ED7-4FCB-B18E-0DFC0715DD45}.Release|Any CPU.Build.0 = Release|Any CPU
		{0AADE110-8CDA-44E3-AD64-488DD17646FD}.Debug|Any CPU.ActiveCfg = Debug|Any CPU
		{0AADE110-8CDA-44E3-AD64-488DD17646FD}.Debug|Any CPU.Build.0 = Debug|Any CPU
		{0AADE110-8CDA-44E3-AD64-488DD17646FD}.Release|Any CPU.ActiveCfg = Release|Any CPU
		{0AADE110-8CDA-44E3-AD64-488DD17646FD}.Release|Any CPU.Build.0 = Release|Any CPU
		{98A46F25-CDA7-4F8D-BF06-E3C23275C3BD}.Debug|Any CPU.ActiveCfg = Debug|Any CPU
		{98A46F25-CDA7-4F8D-BF06-E3C23275C3BD}.Debug|Any CPU.Build.0 = Debug|Any CPU
		{98A46F25-CDA7-4F8D-BF06-E3C23275C3BD}.Release|Any CPU.ActiveCfg = Release|Any CPU
		{98A46F25-CDA7-4F8D-BF06-E3C23275C3BD}.Release|Any CPU.Build.0 = Release|Any CPU
		{46663322-7044-4C77-B6E1-5CB1FDE1C3D8}.Debug|Any CPU.ActiveCfg = Debug|Any CPU
		{46663322-7044-4C77-B6E1-5CB1FDE1C3D8}.Debug|Any CPU.Build.0 = Debug|Any CPU
		{46663322-7044-4C77-B6E1-5CB1FDE1C3D8}.Release|Any CPU.ActiveCfg = Release|Any CPU
		{46663322-7044-4C77-B6E1-5CB1FDE1C3D8}.Release|Any CPU.Build.0 = Release|Any CPU
	EndGlobalSection
	GlobalSection(SolutionProperties) = preSolution
		HideSolutionNode = FALSE
	EndGlobalSection
	GlobalSection(NestedProjects) = preSolution
		{83921307-2468-450F-A15F-E5D1F9F009DF} = {9AB883E0-8A1D-483A-9925-19ECDB71EA2C}
		{15A0BA0B-6959-4EEF-8101-7BBC76A7AEE1} = {F442E6C7-0A3C-423D-936E-FA1CF6D624ED}
		{18E941CD-D9E5-4402-901B-92FF75B43D57} = {19D9CDEF-5B6A-4482-AB0A-320670AB3F45}
		{F0F6F9C8-B676-408A-AB1F-333DFA1688F8} = {9AB883E0-8A1D-483A-9925-19ECDB71EA2C}
		{7CB1E1F8-21FD-43EC-9209-93C95C06E32F} = {19D9CDEF-5B6A-4482-AB0A-320670AB3F45}
		{7424971A-9BBD-441E-8487-002717ED87A4} = {19D9CDEF-5B6A-4482-AB0A-320670AB3F45}
		{19D9CDEF-5B6A-4482-AB0A-320670AB3F45} = {9AB883E0-8A1D-483A-9925-19ECDB71EA2C}
		{F27D45DE-28A9-4E9A-A317-8AE3DB66AAF1} = {9AB883E0-8A1D-483A-9925-19ECDB71EA2C}
		{3ABE75C1-955A-4C8C-A5A2-1887106C4056} = {19D9CDEF-5B6A-4482-AB0A-320670AB3F45}
		{ED2DAB73-AF3A-4ED5-B220-890481FA2BC6} = {19D9CDEF-5B6A-4482-AB0A-320670AB3F45}
		{0FAB30DF-37C9-4825-8D3A-649957A8716D} = {F442E6C7-0A3C-423D-936E-FA1CF6D624ED}
		{5422E9EB-1ED7-4FCB-B18E-0DFC0715DD45} = {F442E6C7-0A3C-423D-936E-FA1CF6D624ED}
		{0AADE110-8CDA-44E3-AD64-488DD17646FD} = {9AB883E0-8A1D-483A-9925-19ECDB71EA2C}
		{98A46F25-CDA7-4F8D-BF06-E3C23275C3BD} = {F442E6C7-0A3C-423D-936E-FA1CF6D624ED}
		{46663322-7044-4C77-B6E1-5CB1FDE1C3D8} = {F442E6C7-0A3C-423D-936E-FA1CF6D624ED}
	EndGlobalSection
	GlobalSection(ExtensibilityGlobals) = postSolution
		SolutionGuid = {FA03DCE8-733C-4988-A54B-3AB72E065156}
	EndGlobalSection
EndGlobal
